// !$*UTF8*$!
{
	archiveVersion = 1;
	classes = {
	};
	objectVersion = 46;
	objects = {

/* Begin PBXBuildFile section */
		C5DDB52A1C4369F200D1D090 /* AppDelegate.swift in Sources */ = {isa = PBXBuildFile; fileRef = C5DDB5291C4369F200D1D090 /* AppDelegate.swift */; };
		C5DDB52C1C4369F200D1D090 /* ViewController.swift in Sources */ = {isa = PBXBuildFile; fileRef = C5DDB52B1C4369F200D1D090 /* ViewController.swift */; };
		C5DDB52F1C4369F200D1D090 /* Main.storyboard in Resources */ = {isa = PBXBuildFile; fileRef = C5DDB52D1C4369F200D1D090 /* Main.storyboard */; };
		C5DDB5321C4369F200D1D090 /* pinecone.xcdatamodeld in Sources */ = {isa = PBXBuildFile; fileRef = C5DDB5301C4369F200D1D090 /* pinecone.xcdatamodeld */; };
		C5DDB5341C4369F200D1D090 /* Assets.xcassets in Resources */ = {isa = PBXBuildFile; fileRef = C5DDB5331C4369F200D1D090 /* Assets.xcassets */; };
		C5DDB5371C4369F200D1D090 /* LaunchScreen.storyboard in Resources */ = {isa = PBXBuildFile; fileRef = C5DDB5351C4369F200D1D090 /* LaunchScreen.storyboard */; };
		C5DDB5421C4369F200D1D090 /* pineconeTests.swift in Sources */ = {isa = PBXBuildFile; fileRef = C5DDB5411C4369F200D1D090 /* pineconeTests.swift */; };
		C5DDB54D1C4369F200D1D090 /* pineconeUITests.swift in Sources */ = {isa = PBXBuildFile; fileRef = C5DDB54C1C4369F200D1D090 /* pineconeUITests.swift */; };
/* End PBXBuildFile section */

/* Begin PBXContainerItemProxy section */
		C5DDB53E1C4369F200D1D090 /* PBXContainerItemProxy */ = {
			isa = PBXContainerItemProxy;
			containerPortal = C5DDB51E1C4369F200D1D090 /* Project object */;
			proxyType = 1;
			remoteGlobalIDString = C5DDB5251C4369F200D1D090;
			remoteInfo = pinecone;
		};
		C5DDB5491C4369F200D1D090 /* PBXContainerItemProxy */ = {
			isa = PBXContainerItemProxy;
			containerPortal = C5DDB51E1C4369F200D1D090 /* Project object */;
			proxyType = 1;
			remoteGlobalIDString = C5DDB5251C4369F200D1D090;
			remoteInfo = pinecone;
		};
/* End PBXContainerItemProxy section */

/* Begin PBXFileReference section */
		C5DDB5261C4369F200D1D090 /* pinecone.app */ = {isa = PBXFileReference; explicitFileType = wrapper.application; includeInIndex = 0; path = pinecone.app; sourceTree = BUILT_PRODUCTS_DIR; };
		C5DDB5291C4369F200D1D090 /* AppDelegate.swift */ = {isa = PBXFileReference; lastKnownFileType = sourcecode.swift; path = AppDelegate.swift; sourceTree = "<group>"; };
		C5DDB52B1C4369F200D1D090 /* ViewController.swift */ = {isa = PBXFileReference; lastKnownFileType = sourcecode.swift; path = ViewController.swift; sourceTree = "<group>"; };
		C5DDB52E1C4369F200D1D090 /* Base */ = {isa = PBXFileReference; lastKnownFileType = file.storyboard; name = Base; path = Base.lproj/Main.storyboard; sourceTree = "<group>"; };
		C5DDB5311C4369F200D1D090 /* pinecone.xcdatamodel */ = {isa = PBXFileReference; lastKnownFileType = wrapper.xcdatamodel; path = pinecone.xcdatamodel; sourceTree = "<group>"; };
		C5DDB5331C4369F200D1D090 /* Assets.xcassets */ = {isa = PBXFileReference; lastKnownFileType = folder.assetcatalog; path = Assets.xcassets; sourceTree = "<group>"; };
		C5DDB5361C4369F200D1D090 /* Base */ = {isa = PBXFileReference; lastKnownFileType = file.storyboard; name = Base; path = Base.lproj/LaunchScreen.storyboard; sourceTree = "<group>"; };
		C5DDB5381C4369F200D1D090 /* Info.plist */ = {isa = PBXFileReference; lastKnownFileType = text.plist.xml; path = Info.plist; sourceTree = "<group>"; };
		C5DDB53D1C4369F200D1D090 /* pineconeTests.xctest */ = {isa = PBXFileReference; explicitFileType = wrapper.cfbundle; includeInIndex = 0; path = pineconeTests.xctest; sourceTree = BUILT_PRODUCTS_DIR; };
		C5DDB5411C4369F200D1D090 /* pineconeTests.swift */ = {isa = PBXFileReference; lastKnownFileType = sourcecode.swift; path = pineconeTests.swift; sourceTree = "<group>"; };
		C5DDB5431C4369F200D1D090 /* Info.plist */ = {isa = PBXFileReference; lastKnownFileType = text.plist.xml; path = Info.plist; sourceTree = "<group>"; };
		C5DDB5481C4369F200D1D090 /* pineconeUITests.xctest */ = {isa = PBXFileReference; explicitFileType = wrapper.cfbundle; includeInIndex = 0; path = pineconeUITests.xctest; sourceTree = BUILT_PRODUCTS_DIR; };
		C5DDB54C1C4369F200D1D090 /* pineconeUITests.swift */ = {isa = PBXFileReference; lastKnownFileType = sourcecode.swift; path = pineconeUITests.swift; sourceTree = "<group>"; };
		C5DDB54E1C4369F200D1D090 /* Info.plist */ = {isa = PBXFileReference; lastKnownFileType = text.plist.xml; path = Info.plist; sourceTree = "<group>"; };
/* End PBXFileReference section */

/* Begin PBXFrameworksBuildPhase section */
		C5DDB5231C4369F200D1D090 /* Frameworks */ = {
			isa = PBXFrameworksBuildPhase;
			buildActionMask = 2147483647;
			files = (
			);
			runOnlyForDeploymentPostprocessing = 0;
		};
		C5DDB53A1C4369F200D1D090 /* Frameworks */ = {
			isa = PBXFrameworksBuildPhase;
			buildActionMask = 2147483647;
			files = (
			);
			runOnlyForDeploymentPostprocessing = 0;
		};
		C5DDB5451C4369F200D1D090 /* Frameworks */ = {
			isa = PBXFrameworksBuildPhase;
			buildActionMask = 2147483647;
			files = (
			);
			runOnlyForDeploymentPostprocessing = 0;
		};
/* End PBXFrameworksBuildPhase section */

/* Begin PBXGroup section */
		C5DDB51D1C4369F200D1D090 = {
			isa = PBXGroup;
			children = (
				C5DDB5281C4369F200D1D090 /* pinecone */,
				C5DDB5401C4369F200D1D090 /* pineconeTests */,
				C5DDB54B1C4369F200D1D090 /* pineconeUITests */,
				C5DDB5271C4369F200D1D090 /* Products */,
			);
			sourceTree = "<group>";
		};
		C5DDB5271C4369F200D1D090 /* Products */ = {
			isa = PBXGroup;
			children = (
				C5DDB5261C4369F200D1D090 /* pinecone.app */,
				C5DDB53D1C4369F200D1D090 /* pineconeTests.xctest */,
				C5DDB5481C4369F200D1D090 /* pineconeUITests.xctest */,
			);
			name = Products;
			sourceTree = "<group>";
		};
		C5DDB5281C4369F200D1D090 /* pinecone */ = {
			isa = PBXGroup;
			children = (
				C5DDB5291C4369F200D1D090 /* AppDelegate.swift */,
				C5DDB52B1C4369F200D1D090 /* ViewController.swift */,
				C5DDB52D1C4369F200D1D090 /* Main.storyboard */,
				C5DDB5331C4369F200D1D090 /* Assets.xcassets */,
				C5DDB5351C4369F200D1D090 /* LaunchScreen.storyboard */,
				C5DDB5381C4369F200D1D090 /* Info.plist */,
				C5DDB5301C4369F200D1D090 /* pinecone.xcdatamodeld */,
			);
			path = pinecone;
			sourceTree = "<group>";
		};
		C5DDB5401C4369F200D1D090 /* pineconeTests */ = {
			isa = PBXGroup;
			children = (
				C5DDB5411C4369F200D1D090 /* pineconeTests.swift */,
				C5DDB5431C4369F200D1D090 /* Info.plist */,
			);
			path = pineconeTests;
			sourceTree = "<group>";
		};
		C5DDB54B1C4369F200D1D090 /* pineconeUITests */ = {
			isa = PBXGroup;
			children = (
				C5DDB54C1C4369F200D1D090 /* pineconeUITests.swift */,
				C5DDB54E1C4369F200D1D090 /* Info.plist */,
			);
			path = pineconeUITests;
			sourceTree = "<group>";
		};
/* End PBXGroup section */

/* Begin PBXNativeTarget section */
		C5DDB5251C4369F200D1D090 /* pinecone */ = {
			isa = PBXNativeTarget;
			buildConfigurationList = C5DDB5511C4369F200D1D090 /* Build configuration list for PBXNativeTarget "pinecone" */;
			buildPhases = (
				C5DDB5221C4369F200D1D090 /* Sources */,
				C5DDB5231C4369F200D1D090 /* Frameworks */,
				C5DDB5241C4369F200D1D090 /* Resources */,
			);
			buildRules = (
			);
			dependencies = (
			);
			name = pinecone;
			productName = pinecone;
			productReference = C5DDB5261C4369F200D1D090 /* pinecone.app */;
			productType = "com.apple.product-type.application";
		};
		C5DDB53C1C4369F200D1D090 /* pineconeTests */ = {
			isa = PBXNativeTarget;
			buildConfigurationList = C5DDB5541C4369F200D1D090 /* Build configuration list for PBXNativeTarget "pineconeTests" */;
			buildPhases = (
				C5DDB5391C4369F200D1D090 /* Sources */,
				C5DDB53A1C4369F200D1D090 /* Frameworks */,
				C5DDB53B1C4369F200D1D090 /* Resources */,
			);
			buildRules = (
			);
			dependencies = (
				C5DDB53F1C4369F200D1D090 /* PBXTargetDependency */,
			);
			name = pineconeTests;
			productName = pineconeTests;
			productReference = C5DDB53D1C4369F200D1D090 /* pineconeTests.xctest */;
			productType = "com.apple.product-type.bundle.unit-test";
		};
		C5DDB5471C4369F200D1D090 /* pineconeUITests */ = {
			isa = PBXNativeTarget;
			buildConfigurationList = C5DDB5571C4369F200D1D090 /* Build configuration list for PBXNativeTarget "pineconeUITests" */;
			buildPhases = (
				C5DDB5441C4369F200D1D090 /* Sources */,
				C5DDB5451C4369F200D1D090 /* Frameworks */,
				C5DDB5461C4369F200D1D090 /* Resources */,
			);
			buildRules = (
			);
			dependencies = (
				C5DDB54A1C4369F200D1D090 /* PBXTargetDependency */,
			);
			name = pineconeUITests;
			productName = pineconeUITests;
			productReference = C5DDB5481C4369F200D1D090 /* pineconeUITests.xctest */;
			productType = "com.apple.product-type.bundle.ui-testing";
		};
/* End PBXNativeTarget section */

/* Begin PBXProject section */
		C5DDB51E1C4369F200D1D090 /* Project object */ = {
			isa = PBXProject;
			attributes = {
				LastSwiftUpdateCheck = 0720;
				LastUpgradeCheck = 0720;
				ORGANIZATIONNAME = saweiller;
				TargetAttributes = {
					C5DDB5251C4369F200D1D090 = {
						CreatedOnToolsVersion = 7.2;
					};
					C5DDB53C1C4369F200D1D090 = {
						CreatedOnToolsVersion = 7.2;
						TestTargetID = C5DDB5251C4369F200D1D090;
					};
					C5DDB5471C4369F200D1D090 = {
						CreatedOnToolsVersion = 7.2;
						TestTargetID = C5DDB5251C4369F200D1D090;
					};
				};
			};
			buildConfigurationList = C5DDB5211C4369F200D1D090 /* Build configuration list for PBXProject "pinecone" */;
			compatibilityVersion = "Xcode 3.2";
			developmentRegion = English;
			hasScannedForEncodings = 0;
			knownRegions = (
				en,
				Base,
			);
			mainGroup = C5DDB51D1C4369F200D1D090;
			productRefGroup = C5DDB5271C4369F200D1D090 /* Products */;
			projectDirPath = "";
			projectRoot = "";
			targets = (
				C5DDB5251C4369F200D1D090 /* pinecone */,
				C5DDB53C1C4369F200D1D090 /* pineconeTests */,
				C5DDB5471C4369F200D1D090 /* pineconeUITests */,
			);
		};
/* End PBXProject section */

/* Begin PBXResourcesBuildPhase section */
		C5DDB5241C4369F200D1D090 /* Resources */ = {
			isa = PBXResourcesBuildPhase;
			buildActionMask = 2147483647;
			files = (
				C5DDB5371C4369F200D1D090 /* LaunchScreen.storyboard in Resources */,
				C5DDB5341C4369F200D1D090 /* Assets.xcassets in Resources */,
				C5DDB52F1C4369F200D1D090 /* Main.storyboard in Resources */,
			);
			runOnlyForDeploymentPostprocessing = 0;
		};
		C5DDB53B1C4369F200D1D090 /* Resources */ = {
			isa = PBXResourcesBuildPhase;
			buildActionMask = 2147483647;
			files = (
			);
			runOnlyForDeploymentPostprocessing = 0;
		};
		C5DDB5461C4369F200D1D090 /* Resources */ = {
			isa = PBXResourcesBuildPhase;
			buildActionMask = 2147483647;
			files = (
			);
			runOnlyForDeploymentPostprocessing = 0;
		};
/* End PBXResourcesBuildPhase section */

/* Begin PBXSourcesBuildPhase section */
		C5DDB5221C4369F200D1D090 /* Sources */ = {
			isa = PBXSourcesBuildPhase;
			buildActionMask = 2147483647;
			files = (
				C5DDB52C1C4369F200D1D090 /* ViewController.swift in Sources */,
				C5DDB5321C4369F200D1D090 /* pinecone.xcdatamodeld in Sources */,
				C5DDB52A1C4369F200D1D090 /* AppDelegate.swift in Sources */,
			);
			runOnlyForDeploymentPostprocessing = 0;
		};
		C5DDB5391C4369F200D1D090 /* Sources */ = {
			isa = PBXSourcesBuildPhase;
			buildActionMask = 2147483647;
			files = (
				C5DDB5421C4369F200D1D090 /* pineconeTests.swift in Sources */,
			);
			runOnlyForDeploymentPostprocessing = 0;
		};
		C5DDB5441C4369F200D1D090 /* Sources */ = {
			isa = PBXSourcesBuildPhase;
			buildActionMask = 2147483647;
			files = (
				C5DDB54D1C4369F200D1D090 /* pineconeUITests.swift in Sources */,
			);
			runOnlyForDeploymentPostprocessing = 0;
		};
/* End PBXSourcesBuildPhase section */

/* Begin PBXTargetDependency section */
		C5DDB53F1C4369F200D1D090 /* PBXTargetDependency */ = {
			isa = PBXTargetDependency;
			target = C5DDB5251C4369F200D1D090 /* pinecone */;
			targetProxy = C5DDB53E1C4369F200D1D090 /* PBXContainerItemProxy */;
		};
		C5DDB54A1C4369F200D1D090 /* PBXTargetDependency */ = {
			isa = PBXTargetDependency;
			target = C5DDB5251C4369F200D1D090 /* pinecone */;
			targetProxy = C5DDB5491C4369F200D1D090 /* PBXContainerItemProxy */;
		};
/* End PBXTargetDependency section */

/* Begin PBXVariantGroup section */
		C5DDB52D1C4369F200D1D090 /* Main.storyboard */ = {
			isa = PBXVariantGroup;
			children = (
				C5DDB52E1C4369F200D1D090 /* Base */,
			);
			name = Main.storyboard;
			sourceTree = "<group>";
		};
		C5DDB5351C4369F200D1D090 /* LaunchScreen.storyboard */ = {
			isa = PBXVariantGroup;
			children = (
				C5DDB5361C4369F200D1D090 /* Base */,
			);
			name = LaunchScreen.storyboard;
			sourceTree = "<group>";
		};
/* End PBXVariantGroup section */

/* Begin XCBuildConfiguration section */
		C5DDB54F1C4369F200D1D090 /* Debug */ = {
			isa = XCBuildConfiguration;
			buildSettings = {
				ALWAYS_SEARCH_USER_PATHS = NO;
				CLANG_CXX_LANGUAGE_STANDARD = "gnu++0x";
				CLANG_CXX_LIBRARY = "libc++";
				CLANG_ENABLE_MODULES = YES;
				CLANG_ENABLE_OBJC_ARC = YES;
				CLANG_WARN_BOOL_CONVERSION = YES;
				CLANG_WARN_CONSTANT_CONVERSION = YES;
				CLANG_WARN_DIRECT_OBJC_ISA_USAGE = YES_ERROR;
				CLANG_WARN_EMPTY_BODY = YES;
				CLANG_WARN_ENUM_CONVERSION = YES;
				CLANG_WARN_INT_CONVERSION = YES;
				CLANG_WARN_OBJC_ROOT_CLASS = YES_ERROR;
				CLANG_WARN_UNREACHABLE_CODE = YES;
				CLANG_WARN__DUPLICATE_METHOD_MATCH = YES;
				"CODE_SIGN_IDENTITY[sdk=iphoneos*]" = "iPhone Developer";
				COPY_PHASE_STRIP = NO;
				DEBUG_INFORMATION_FORMAT = dwarf;
				ENABLE_STRICT_OBJC_MSGSEND = YES;
				ENABLE_TESTABILITY = YES;
				GCC_C_LANGUAGE_STANDARD = gnu99;
				GCC_DYNAMIC_NO_PIC = NO;
				GCC_NO_COMMON_BLOCKS = YES;
				GCC_OPTIMIZATION_LEVEL = 0;
				GCC_PREPROCESSOR_DEFINITIONS = (
					"DEBUG=1",
					"$(inherited)",
				);
				GCC_WARN_64_TO_32_BIT_CONVERSION = YES;
				GCC_WARN_ABOUT_RETURN_TYPE = YES_ERROR;
				GCC_WARN_UNDECLARED_SELECTOR = YES;
				GCC_WARN_UNINITIALIZED_AUTOS = YES_AGGRESSIVE;
				GCC_WARN_UNUSED_FUNCTION = YES;
				GCC_WARN_UNUSED_VARIABLE = YES;
				IPHONEOS_DEPLOYMENT_TARGET = 9.2;
				MTL_ENABLE_DEBUG_INFO = YES;
				ONLY_ACTIVE_ARCH = YES;
				SDKROOT = iphoneos;
				SWIFT_OPTIMIZATION_LEVEL = "-Onone";
			};
			name = Debug;
		};
		C5DDB5501C4369F200D1D090 /* Release */ = {
			isa = XCBuildConfiguration;
			buildSettings = {
				ALWAYS_SEARCH_USER_PATHS = NO;
				CLANG_CXX_LANGUAGE_STANDARD = "gnu++0x";
				CLANG_CXX_LIBRARY = "libc++";
				CLANG_ENABLE_MODULES = YES;
				CLANG_ENABLE_OBJC_ARC = YES;
				CLANG_WARN_BOOL_CONVERSION = YES;
				CLANG_WARN_CONSTANT_CONVERSION = YES;
				CLANG_WARN_DIRECT_OBJC_ISA_USAGE = YES_ERROR;
				CLANG_WARN_EMPTY_BODY = YES;
				CLANG_WARN_ENUM_CONVERSION = YES;
				CLANG_WARN_INT_CONVERSION = YES;
				CLANG_WARN_OBJC_ROOT_CLASS = YES_ERROR;
				CLANG_WARN_UNREACHABLE_CODE = YES;
				CLANG_WARN__DUPLICATE_METHOD_MATCH = YES;
				"CODE_SIGN_IDENTITY[sdk=iphoneos*]" = "iPhone Developer";
				COPY_PHASE_STRIP = NO;
				DEBUG_INFORMATION_FORMAT = "dwarf-with-dsym";
				ENABLE_NS_ASSERTIONS = NO;
				ENABLE_STRICT_OBJC_MSGSEND = YES;
				GCC_C_LANGUAGE_STANDARD = gnu99;
				GCC_NO_COMMON_BLOCKS = YES;
				GCC_WARN_64_TO_32_BIT_CONVERSION = YES;
				GCC_WARN_ABOUT_RETURN_TYPE = YES_ERROR;
				GCC_WARN_UNDECLARED_SELECTOR = YES;
				GCC_WARN_UNINITIALIZED_AUTOS = YES_AGGRESSIVE;
				GCC_WARN_UNUSED_FUNCTION = YES;
				GCC_WARN_UNUSED_VARIABLE = YES;
				IPHONEOS_DEPLOYMENT_TARGET = 9.2;
				MTL_ENABLE_DEBUG_INFO = NO;
				SDKROOT = iphoneos;
				VALIDATE_PRODUCT = YES;
			};
			name = Release;
		};
		C5DDB5521C4369F200D1D090 /* Debug */ = {
			isa = XCBuildConfiguration;
			buildSettings = {
				ASSETCATALOG_COMPILER_APPICON_NAME = AppIcon;
				INFOPLIST_FILE = pinecone/Info.plist;
				LD_RUNPATH_SEARCH_PATHS = "$(inherited) @executable_path/Frameworks";
				PRODUCT_BUNDLE_IDENTIFIER = com.saweiller.pinecone;
				PRODUCT_NAME = "$(TARGET_NAME)";
			};
			name = Debug;
		};
		C5DDB5531C4369F200D1D090 /* Release */ = {
			isa = XCBuildConfiguration;
			buildSettings = {
				ASSETCATALOG_COMPILER_APPICON_NAME = AppIcon;
				INFOPLIST_FILE = pinecone/Info.plist;
				LD_RUNPATH_SEARCH_PATHS = "$(inherited) @executable_path/Frameworks";
				PRODUCT_BUNDLE_IDENTIFIER = com.saweiller.pinecone;
				PRODUCT_NAME = "$(TARGET_NAME)";
			};
			name = Release;
		};
		C5DDB5551C4369F200D1D090 /* Debug */ = {
			isa = XCBuildConfiguration;
			buildSettings = {
				BUNDLE_LOADER = "$(TEST_HOST)";
				INFOPLIST_FILE = pineconeTests/Info.plist;
				LD_RUNPATH_SEARCH_PATHS = "$(inherited) @executable_path/Frameworks @loader_path/Frameworks";
				PRODUCT_BUNDLE_IDENTIFIER = com.saweiller.pineconeTests;
				PRODUCT_NAME = "$(TARGET_NAME)";
				TEST_HOST = "$(BUILT_PRODUCTS_DIR)/pinecone.app/pinecone";
			};
			name = Debug;
		};
		C5DDB5561C4369F200D1D090 /* Release */ = {
			isa = XCBuildConfiguration;
			buildSettings = {
				BUNDLE_LOADER = "$(TEST_HOST)";
				INFOPLIST_FILE = pineconeTests/Info.plist;
				LD_RUNPATH_SEARCH_PATHS = "$(inherited) @executable_path/Frameworks @loader_path/Frameworks";
				PRODUCT_BUNDLE_IDENTIFIER = com.saweiller.pineconeTests;
				PRODUCT_NAME = "$(TARGET_NAME)";
				TEST_HOST = "$(BUILT_PRODUCTS_DIR)/pinecone.app/pinecone";
			};
			name = Release;
		};
		C5DDB5581C4369F200D1D090 /* Debug */ = {
			isa = XCBuildConfiguration;
			buildSettings = {
				INFOPLIST_FILE = pineconeUITests/Info.plist;
				LD_RUNPATH_SEARCH_PATHS = "$(inherited) @executable_path/Frameworks @loader_path/Frameworks";
				PRODUCT_BUNDLE_IDENTIFIER = com.saweiller.pineconeUITests;
				PRODUCT_NAME = "$(TARGET_NAME)";
				TEST_TARGET_NAME = pinecone;
				USES_XCTRUNNER = YES;
			};
			name = Debug;
		};
		C5DDB5591C4369F200D1D090 /* Release */ = {
			isa = XCBuildConfiguration;
			buildSettings = {
				INFOPLIST_FILE = pineconeUITests/Info.plist;
				LD_RUNPATH_SEARCH_PATHS = "$(inherited) @executable_path/Frameworks @loader_path/Frameworks";
				PRODUCT_BUNDLE_IDENTIFIER = com.saweiller.pineconeUITests;
				PRODUCT_NAME = "$(TARGET_NAME)";
				TEST_TARGET_NAME = pinecone;
				USES_XCTRUNNER = YES;
			};
			name = Release;
		};
/* End XCBuildConfiguration section */

/* Begin XCConfigurationList section */
		C5DDB5211C4369F200D1D090 /* Build configuration list for PBXProject "pinecone" */ = {
			isa = XCConfigurationList;
			buildConfigurations = (
				C5DDB54F1C4369F200D1D090 /* Debug */,
				C5DDB5501C4369F200D1D090 /* Release */,
			);
			defaultConfigurationIsVisible = 0;
			defaultConfigurationName = Release;
		};
		C5DDB5511C4369F200D1D090 /* Build configuration list for PBXNativeTarget "pinecone" */ = {
			isa = XCConfigurationList;
			buildConfigurations = (
				C5DDB5521C4369F200D1D090 /* Debug */,
				C5DDB5531C4369F200D1D090 /* Release */,
			);
			defaultConfigurationIsVisible = 0;
		};
		C5DDB5541C4369F200D1D090 /* Build configuration list for PBXNativeTarget "pineconeTests" */ = {
			isa = XCConfigurationList;
			buildConfigurations = (
				C5DDB5551C4369F200D1D090 /* Debug */,
				C5DDB5561C4369F200D1D090 /* Release */,
			);
			defaultConfigurationIsVisible = 0;
		};
		C5DDB5571C4369F200D1D090 /* Build configuration list for PBXNativeTarget "pineconeUITests" */ = {
			isa = XCConfigurationList;
			buildConfigurations = (
				C5DDB5581C4369F200D1D090 /* Debug */,
				C5DDB5591C4369F200D1D090 /* Release */,
			);
			defaultConfigurationIsVisible = 0;
		};
/* End XCConfigurationList section */

/* Begin XCVersionGroup section */
		C5DDB5301C4369F200D1D090 /* pinecone.xcdatamodeld */ = {
			isa = XCVersionGroup;
			children = (
				C5DDB5311C4369F200D1D090 /* pinecone.xcdatamodel */,
			);
			currentVersion = C5DDB5311C4369F200D1D090 /* pinecone.xcdatamodel */;
			path = pinecone.xcdatamodeld;
			sourceTree = "<group>";
			versionGroupType = wrapper.xcdatamodel;
		};
/* End XCVersionGroup section */
	};
	rootObject = C5DDB51E1C4369F200D1D090 /* Project object */;
}
